
Microsoft Visual Studio Solution File, Format Version 12.00
# Visual Studio Version 16
VisualStudioVersion = 16.0.31321.278
MinimumVisualStudioVersion = 10.0.40219.1
Project("{FAE04EC0-301F-11D3-BF4B-00C04F79EFBC}") = "Applicatie1", "Applicatie1\Applicatie1.csproj", "{40A754FC-E35C-4753-96DB-6FC3DE4B4DEB}"
EndProject
Global
	GlobalSection(SolutionConfigurationPlatforms) = preSolution
		Debug|Any CPU = Debug|Any CPU
		Release|Any CPU = Release|Any CPU
	EndGlobalSection
	GlobalSection(ProjectConfigurationPlatforms) = postSolution
		{40A754FC-E35C-4753-96DB-6FC3DE4B4DEB}.Debug|Any CPU.ActiveCfg = Debug|Any CPU
		{40A754FC-E35C-4753-96DB-6FC3DE4B4DEB}.Debug|Any CPU.Build.0 = Debug|Any CPU
		{40A754FC-E35C-4753-96DB-6FC3DE4B4DEB}.Release|Any CPU.ActiveCfg = Release|Any CPU
		{40A754FC-E35C-4753-96DB-6FC3DE4B4DEB}.Release|Any CPU.Build.0 = Release|Any CPU
	EndGlobalSection
	GlobalSection(SolutionProperties) = preSolution
		HideSolutionNode = FALSE
	EndGlobalSection
	GlobalSection(ExtensibilityGlobals) = postSolution
		SolutionGuid = {E4F09867-C249-4080-84C0-F974B28ECB26}
	EndGlobalSection
EndGlobal
